<?xml version="1.0" encoding="UTF-8"?>
<Scheme
   LastUpgradeVersion = "1210"
   version = "1.3">
   <BuildAction
      parallelizeBuildables = "YES"
      buildImplicitDependencies = "YES">
      <BuildActionEntries>
         <BuildActionEntry
            buildForTesting = "YES"
            buildForRunning = "YES"
            buildForProfiling = "YES"
            buildForArchiving = "YES"
            buildForAnalyzing = "YES">
            <BuildableReference
               BuildableIdentifier = "primary"
               BlueprintIdentifier = "6FF1995222ECB36F00C255A2"
               BuildableName = "Simulator.app"
               BlueprintName = "Simulator"
               ReferencedContainer = "container:TurtleTools.xcodeproj">
            </BuildableReference>
         </BuildActionEntry>
      </BuildActionEntries>
   </BuildAction>
   <TestAction
      buildConfiguration = "Release"
      selectedDebuggerIdentifier = "Xcode.DebuggerFoundation.Debugger.LLDB"
      selectedLauncherIdentifier = "Xcode.DebuggerFoundation.Launcher.LLDB"
      shouldUseLaunchSchemeArgsEnv = "YES"
      codeCoverageEnabled = "YES">
      <MacroExpansion>
         <BuildableReference
            BuildableIdentifier = "primary"
            BlueprintIdentifier = "6FF1995222ECB36F00C255A2"
            BuildableName = "Simulator.app"
            BlueprintName = "Simulator"
            ReferencedContainer = "container:TurtleTools.xcodeproj">
         </BuildableReference>
      </MacroExpansion>
      <Testables>
         <TestableReference
            skipped = "NO"
            parallelizable = "YES">
            <BuildableReference
               BuildableIdentifier = "primary"
               BlueprintIdentifier = "6FB0D29224710C26003B5D5C"
               BuildableName = "TurtleCoreTests.xctest"
               BlueprintName = "TurtleCoreTests"
               ReferencedContainer = "container:TurtleTools.xcodeproj">
            </BuildableReference>
         </TestableReference>
         <TestableReference
            skipped = "NO"
            parallelizable = "YES">
            <BuildableReference
               BuildableIdentifier = "primary"
               BlueprintIdentifier = "6FB0D35324711A23003B5D5C"
               BuildableName = "TurtleSimulatorCoreTests.xctest"
               BlueprintName = "TurtleSimulatorCoreTests"
               ReferencedContainer = "container:TurtleTools.xcodeproj">
            </BuildableReference>
         </TestableReference>
         <TestableReference
            skipped = "NO"
            parallelizable = "YES">
            <BuildableReference
               BuildableIdentifier = "primary"
               BlueprintIdentifier = "6F9201EC2471DAC7009E1410"
               BuildableName = "SnapCoreTests.xctest"
               BlueprintName = "SnapCoreTests"
               ReferencedContainer = "container:TurtleTools.xcodeproj">
            </BuildableReference>
            <SkippedTests>
               <Test
                  Identifier = "SnapCompilerTests/test_EndToEndIntegration_CannotMakeMutatingPointerFromImmutableObject_1()">
               </Test>
               <Test
                  Identifier = "SnapCompilerTests/test_EndToEndIntegration_CannotMakeMutatingPointerFromImmutableObject_2()">
               </Test>
            </SkippedTests>
         </TestableReference>
         <TestableReference
            skipped = "NO"
            parallelizable = "YES">
            <BuildableReference
               BuildableIdentifier = "primary"
               BlueprintIdentifier = "6F734338259327D400B7E43F"
               BuildableName = "Turtle16SimulatorCoreTests.xctest"
               BlueprintName = "Turtle16SimulatorCoreTests"
               ReferencedContainer = "container:TurtleTools.xcodeproj">
            </BuildableReference>
         </TestableReference>
      </Testables>
   </TestAction>
   <LaunchAction
      buildConfiguration = "Release"
      selectedDebuggerIdentifier = "Xcode.DebuggerFoundation.Debugger.LLDB"
      selectedLauncherIdentifier = "Xcode.DebuggerFoundation.Launcher.LLDB"
      enableThreadSanitizer = "YES"
      launchStyle = "0"
      useCustomWorkingDirectory = "NO"
      ignoresPersistentStateOnLaunch = "NO"
      debugDocumentVersioning = "YES"
      debugServiceExtension = "internal"
      allowLocationSimulation = "YES">
      <BuildableProductRunnable
         runnableDebuggingMode = "0">
         <BuildableReference
            BuildableIdentifier = "primary"
            BlueprintIdentifier = "6FF1995222ECB36F00C255A2"
            BuildableName = "Simulator.app"
            BlueprintName = "Simulator"
            ReferencedContainer = "container:TurtleTools.xcodeproj">
         </BuildableReference>
      </BuildableProductRunnable>
   </LaunchAction>
   <ProfileAction
      buildConfiguration = "Release"
      shouldUseLaunchSchemeArgsEnv = "YES"
      savedToolIdentifier = ""
      useCustomWorkingDirectory = "NO"
      debugDocumentVersioning = "YES">
      <BuildableProductRunnable
         runnableDebuggingMode = "0">
         <BuildableReference
            BuildableIdentifier = "primary"
            BlueprintIdentifier = "6FF1995222ECB36F00C255A2"
            BuildableName = "Simulator.app"
            BlueprintName = "Simulator"
            ReferencedContainer = "container:TurtleTools.xcodeproj">
         </BuildableReference>
      </BuildableProductRunnable>
   </ProfileAction>
   <AnalyzeAction
      buildConfiguration = "Debug">
   </AnalyzeAction>
   <ArchiveAction
      buildConfiguration = "Release"
      revealArchiveInOrganizer = "YES">
   </ArchiveAction>
</Scheme>
